%{"cowboy": {:hex, :cowboy, "1.0.0"},
  "cowlib": {:hex, :cowlib, "1.0.1"},
  "cuttlefish": {:git, "git://github.com/basho/cuttlefish.git", "c92c8325aeaea6b6ba7516bbd434f8e408f87d60", [tag: "2.0.1"]},
  "eleveldb": {:git, "git://github.com/basho/eleveldb.git", "a36dbd609c742d9ad572c38c3464730da3419248", [tag: "2.1.0"]},
  "exleveldb": {:hex, :exleveldb, "0.6.0"},
  "flying_fox_chat": {:git, "https://github.com/BumblebeeBat/flying_fox_chat.git", "de8ce95d31add2d00e31559436ca55fcf4ae8284", []},
  "flying_fox_cli": {:git, "https://github.com/BumblebeeBat/flying_fox_cli.git", "d8d9a7458c457184661e34d3004bb206b3880bd6", []},
  "getopt": {:git, "git://github.com/jcomellas/getopt.git", "659a28f4145bc9843598972854299dc4ea77e4cb", [tag: "v0.4.3"]},
  "goldrush": {:git, "git://github.com/DeadZen/goldrush.git", "71e63212f12c25827e0c1b4198d37d5d018a7fec", [tag: "0.1.6"]},
  "jiffy": {:git, "git://github.com/davisp/jiffy.git", "446e284bd51013fe2899803b9dcbd162d8b8efb3", []},
  "lager": {:git, "git://github.com/basho/lager.git", "b6b6cebcb27ccff8acc59ae775acebc2f52e4926", [tag: "2.0.3"]},
  "message_pack": {:hex, :message_pack, "0.1.4"},
  "neotoma": {:git, "git://github.com/seancribbs/neotoma.git", "760928ec8870da02eb11bccb501e2700925d06c6", [tag: "1.7.2"]},
  "ranch": {:hex, :ranch, "1.0.0"},
  "security": {:git, "https://github.com/zack-bitcoin/security.git", "e4f2fa87506e56a03f3b1d8a35c95fd331a82f7a", []}}
